
Microsoft Visual Studio Solution File, Format Version 12.00
# Visual Studio Version 17
VisualStudioVersion = 17.1.32319.34
MinimumVisualStudioVersion = 10.0.40219.1
Project("{9A19103F-16F7-4668-BE54-9A1E7A4F7556}") = "OOOGoldAVTOinvestProductEvoluation2", "OOOGoldAVTOinvestProductEvoluation2\OOOGoldAVTOinvestProductEvoluation2.csproj", "{402FB0EF-AF28-4621-A009-679C06D0B7EA}"
EndProject
Project("{FAE04EC0-301F-11D3-BF4B-00C04F79EFBC}") = "Support", "Support\Support.csproj", "{602934DA-05E2-4AF5-AC0B-5AB022C0179D}"
EndProject
Global
	GlobalSection(SolutionConfigurationPlatforms) = preSolution
		Debug|Any CPU = Debug|Any CPU
		Release|Any CPU = Release|Any CPU
	EndGlobalSection
	GlobalSection(ProjectConfigurationPlatforms) = postSolution
		{402FB0EF-AF28-4621-A009-679C06D0B7EA}.Debug|Any CPU.ActiveCfg = Debug|Any CPU
		{402FB0EF-AF28-4621-A009-679C06D0B7EA}.Debug|Any CPU.Build.0 = Debug|Any CPU
		{402FB0EF-AF28-4621-A009-679C06D0B7EA}.Release|Any CPU.ActiveCfg = Release|Any CPU
		{402FB0EF-AF28-4621-A009-679C06D0B7EA}.Release|Any CPU.Build.0 = Release|Any CPU
		{602934DA-05E2-4AF5-AC0B-5AB022C0179D}.Debug|Any CPU.ActiveCfg = Debug|Any CPU
		{602934DA-05E2-4AF5-AC0B-5AB022C0179D}.Debug|Any CPU.Build.0 = Debug|Any CPU
		{602934DA-05E2-4AF5-AC0B-5AB022C0179D}.Release|Any CPU.ActiveCfg = Release|Any CPU
		{602934DA-05E2-4AF5-AC0B-5AB022C0179D}.Release|Any CPU.Build.0 = Release|Any CPU
	EndGlobalSection
	GlobalSection(SolutionProperties) = preSolution
		HideSolutionNode = FALSE
	EndGlobalSection
	GlobalSection(ExtensibilityGlobals) = postSolution
		SolutionGuid = {54B47CC1-D61D-4361-9DC4-13A1DF55F67D}
	EndGlobalSection
EndGlobal
